
Microsoft Visual Studio Solution File, Format Version 12.00
# Visual Studio 15
VisualStudioVersion = 15.0.26730.10
MinimumVisualStudioVersion = 10.0.40219.1

Project("{6EC3EE1D-3C4E-46DD-8F32-0CC8E7565705}") = "FsharpXamarin", "FsharpXamarin\FsharpXamarin.fsproj", "{0CE6D886-C0EF-415A-B37B-AA214CB6EBE4}"
EndProject

Project("{F2A71F9B-5D33-465A-A702-920D77279786}") = "FsharpXamarin.Android", "FsharpXamarin.Android\FsharpXamarin.Android.fsproj", "{F9A523E1-A5D6-4979-80C1-626131C7EDC6}"
EndProject


Project("{F2A71F9B-5D33-465A-A702-920D77279786}") = "FsharpXamarin.iOS", "FsharpXamarin.iOS\FsharpXamarin.iOS.fsproj", "{8C203C88-7B0C-4AF8-BD3C-04EA0F6AB6FA}"
EndProject




Global
	GlobalSection(SolutionConfigurationPlatforms) = preSolution
		Ad-Hoc|Any CPU = Ad-Hoc|Any CPU
		Ad-Hoc|ARM = Ad-Hoc|ARM
		Ad-Hoc|iPhone = Ad-Hoc|iPhone
		Ad-Hoc|iPhoneSimulator = Ad-Hoc|iPhoneSimulator
		Ad-Hoc|x64 = Ad-Hoc|x64
		Ad-Hoc|x86 = Ad-Hoc|x86
		AppStore|Any CPU = AppStore|Any CPU
		AppStore|ARM = AppStore|ARM
		AppStore|iPhone = AppStore|iPhone
		AppStore|iPhoneSimulator = AppStore|iPhoneSimulator
		AppStore|x64 = AppStore|x64
		AppStore|x86 = AppStore|x86
		Debug|Any CPU = Debug|Any CPU
		Debug|ARM = Debug|ARM
		Debug|iPhone = Debug|iPhone
		Debug|iPhoneSimulator = Debug|iPhoneSimulator
		Debug|x64 = Debug|x64
		Debug|x86 = Debug|x86
		Release|Any CPU = Release|Any CPU
		Release|ARM = Release|ARM
		Release|iPhone = Release|iPhone
		Release|iPhoneSimulator = Release|iPhoneSimulator
		Release|x64 = Release|x64
		Release|x86 = Release|x86
	EndGlobalSection
	GlobalSection(ProjectConfigurationPlatforms) = postSolution
		{0CE6D886-C0EF-415A-B37B-AA214CB6EBE4}.Ad-Hoc|Any CPU.ActiveCfg = Debug|Any CPU
		{0CE6D886-C0EF-415A-B37B-AA214CB6EBE4}.Ad-Hoc|Any CPU.Build.0 = Debug|Any CPU
		{0CE6D886-C0EF-415A-B37B-AA214CB6EBE4}.Ad-Hoc|ARM.ActiveCfg = Debug|Any CPU
		{0CE6D886-C0EF-415A-B37B-AA214CB6EBE4}.Ad-Hoc|ARM.Build.0 = Debug|Any CPU
		{0CE6D886-C0EF-415A-B37B-AA214CB6EBE4}.Ad-Hoc|iPhone.ActiveCfg = Debug|Any CPU
		{0CE6D886-C0EF-415A-B37B-AA214CB6EBE4}.Ad-Hoc|iPhone.Build.0 = Debug|Any CPU
		{0CE6D886-C0EF-415A-B37B-AA214CB6EBE4}.Ad-Hoc|iPhoneSimulator.ActiveCfg = Debug|Any CPU
		{0CE6D886-C0EF-415A-B37B-AA214CB6EBE4}.Ad-Hoc|iPhoneSimulator.Build.0 = Debug|Any CPU
		{0CE6D886-C0EF-415A-B37B-AA214CB6EBE4}.Ad-Hoc|x64.ActiveCfg = Debug|Any CPU
		{0CE6D886-C0EF-415A-B37B-AA214CB6EBE4}.Ad-Hoc|x64.Build.0 = Debug|Any CPU
		{0CE6D886-C0EF-415A-B37B-AA214CB6EBE4}.Ad-Hoc|x86.ActiveCfg = Debug|Any CPU
		{0CE6D886-C0EF-415A-B37B-AA214CB6EBE4}.Ad-Hoc|x86.Build.0 = Debug|Any CPU
		{0CE6D886-C0EF-415A-B37B-AA214CB6EBE4}.AppStore|Any CPU.ActiveCfg = Debug|Any CPU
		{0CE6D886-C0EF-415A-B37B-AA214CB6EBE4}.AppStore|Any CPU.Build.0 = Debug|Any CPU
		{0CE6D886-C0EF-415A-B37B-AA214CB6EBE4}.AppStore|ARM.ActiveCfg = Debug|Any CPU
		{0CE6D886-C0EF-415A-B37B-AA214CB6EBE4}.AppStore|ARM.Build.0 = Debug|Any CPU
		{0CE6D886-C0EF-415A-B37B-AA214CB6EBE4}.AppStore|iPhone.ActiveCfg = Debug|Any CPU
		{0CE6D886-C0EF-415A-B37B-AA214CB6EBE4}.AppStore|iPhone.Build.0 = Debug|Any CPU
		{0CE6D886-C0EF-415A-B37B-AA214CB6EBE4}.AppStore|iPhoneSimulator.ActiveCfg = Debug|Any CPU
		{0CE6D886-C0EF-415A-B37B-AA214CB6EBE4}.AppStore|iPhoneSimulator.Build.0 = Debug|Any CPU
		{0CE6D886-C0EF-415A-B37B-AA214CB6EBE4}.AppStore|x64.ActiveCfg = Debug|Any CPU
		{0CE6D886-C0EF-415A-B37B-AA214CB6EBE4}.AppStore|x64.Build.0 = Debug|Any CPU
		{0CE6D886-C0EF-415A-B37B-AA214CB6EBE4}.AppStore|x86.ActiveCfg = Debug|Any CPU
		{0CE6D886-C0EF-415A-B37B-AA214CB6EBE4}.AppStore|x86.Build.0 = Debug|Any CPU
		{0CE6D886-C0EF-415A-B37B-AA214CB6EBE4}.Debug|Any CPU.ActiveCfg = Debug|Any CPU
		{0CE6D886-C0EF-415A-B37B-AA214CB6EBE4}.Debug|Any CPU.Build.0 = Debug|Any CPU
		{0CE6D886-C0EF-415A-B37B-AA214CB6EBE4}.Debug|ARM.ActiveCfg = Debug|Any CPU
		{0CE6D886-C0EF-415A-B37B-AA214CB6EBE4}.Debug|ARM.Build.0 = Debug|Any CPU
		{0CE6D886-C0EF-415A-B37B-AA214CB6EBE4}.Debug|iPhone.ActiveCfg = Debug|Any CPU
		{0CE6D886-C0EF-415A-B37B-AA214CB6EBE4}.Debug|iPhone.Build.0 = Debug|Any CPU
		{0CE6D886-C0EF-415A-B37B-AA214CB6EBE4}.Debug|iPhoneSimulator.ActiveCfg = Debug|Any CPU
		{0CE6D886-C0EF-415A-B37B-AA214CB6EBE4}.Debug|iPhoneSimulator.Build.0 = Debug|Any CPU
		{0CE6D886-C0EF-415A-B37B-AA214CB6EBE4}.Debug|x64.ActiveCfg = Debug|Any CPU
		{0CE6D886-C0EF-415A-B37B-AA214CB6EBE4}.Debug|x64.Build.0 = Debug|Any CPU
		{0CE6D886-C0EF-415A-B37B-AA214CB6EBE4}.Debug|x86.ActiveCfg = Debug|Any CPU
		{0CE6D886-C0EF-415A-B37B-AA214CB6EBE4}.Debug|x86.Build.0 = Debug|Any CPU
		{0CE6D886-C0EF-415A-B37B-AA214CB6EBE4}.Release|Any CPU.ActiveCfg = Release|Any CPU
		{0CE6D886-C0EF-415A-B37B-AA214CB6EBE4}.Release|Any CPU.Build.0 = Release|Any CPU
		{0CE6D886-C0EF-415A-B37B-AA214CB6EBE4}.Release|ARM.ActiveCfg = Release|Any CPU
		{0CE6D886-C0EF-415A-B37B-AA214CB6EBE4}.Release|ARM.Build.0 = Release|Any CPU
		{0CE6D886-C0EF-415A-B37B-AA214CB6EBE4}.Release|iPhone.ActiveCfg = Release|Any CPU
		{0CE6D886-C0EF-415A-B37B-AA214CB6EBE4}.Release|iPhone.Build.0 = Release|Any CPU
		{0CE6D886-C0EF-415A-B37B-AA214CB6EBE4}.Release|iPhoneSimulator.ActiveCfg = Release|Any CPU
		{0CE6D886-C0EF-415A-B37B-AA214CB6EBE4}.Release|iPhoneSimulator.Build.0 = Release|Any CPU
		{0CE6D886-C0EF-415A-B37B-AA214CB6EBE4}.Release|x64.ActiveCfg = Release|Any CPU
		{0CE6D886-C0EF-415A-B37B-AA214CB6EBE4}.Release|x64.Build.0 = Release|Any CPU
		{0CE6D886-C0EF-415A-B37B-AA214CB6EBE4}.Release|x86.ActiveCfg = Release|Any CPU
		{0CE6D886-C0EF-415A-B37B-AA214CB6EBE4}.Release|x86.Build.0 = Release|Any CPU
		{8C203C88-7B0C-4AF8-BD3C-04EA0F6AB6FA}.Ad-Hoc|Any CPU.ActiveCfg = Ad-Hoc|iPhone
		{8C203C88-7B0C-4AF8-BD3C-04EA0F6AB6FA}.Ad-Hoc|ARM.ActiveCfg = Ad-Hoc|iPhone
		{8C203C88-7B0C-4AF8-BD3C-04EA0F6AB6FA}.Ad-Hoc|iPhone.ActiveCfg = Ad-Hoc|iPhone
		{8C203C88-7B0C-4AF8-BD3C-04EA0F6AB6FA}.Ad-Hoc|iPhone.Build.0 = Ad-Hoc|iPhone
		{8C203C88-7B0C-4AF8-BD3C-04EA0F6AB6FA}.Ad-Hoc|iPhoneSimulator.ActiveCfg = Ad-Hoc|iPhoneSimulator
		{8C203C88-7B0C-4AF8-BD3C-04EA0F6AB6FA}.Ad-Hoc|iPhoneSimulator.Build.0 = Ad-Hoc|iPhoneSimulator
		{8C203C88-7B0C-4AF8-BD3C-04EA0F6AB6FA}.Ad-Hoc|x64.ActiveCfg = Ad-Hoc|iPhone
		{8C203C88-7B0C-4AF8-BD3C-04EA0F6AB6FA}.Ad-Hoc|x86.ActiveCfg = Ad-Hoc|iPhone
		{8C203C88-7B0C-4AF8-BD3C-04EA0F6AB6FA}.AppStore|Any CPU.ActiveCfg = AppStore|iPhone
		{8C203C88-7B0C-4AF8-BD3C-04EA0F6AB6FA}.AppStore|ARM.ActiveCfg = AppStore|iPhone
		{8C203C88-7B0C-4AF8-BD3C-04EA0F6AB6FA}.AppStore|iPhone.ActiveCfg = AppStore|iPhone
		{8C203C88-7B0C-4AF8-BD3C-04EA0F6AB6FA}.AppStore|iPhone.Build.0 = AppStore|iPhone
		{8C203C88-7B0C-4AF8-BD3C-04EA0F6AB6FA}.AppStore|iPhoneSimulator.ActiveCfg = AppStore|iPhoneSimulator
		{8C203C88-7B0C-4AF8-BD3C-04EA0F6AB6FA}.AppStore|iPhoneSimulator.Build.0 = AppStore|iPhoneSimulator
		{8C203C88-7B0C-4AF8-BD3C-04EA0F6AB6FA}.AppStore|x64.ActiveCfg = AppStore|iPhone
		{8C203C88-7B0C-4AF8-BD3C-04EA0F6AB6FA}.AppStore|x86.ActiveCfg = AppStore|iPhone
		{8C203C88-7B0C-4AF8-BD3C-04EA0F6AB6FA}.Debug|Any CPU.ActiveCfg = Debug|iPhone
		{8C203C88-7B0C-4AF8-BD3C-04EA0F6AB6FA}.Debug|ARM.ActiveCfg = Debug|iPhone
		{8C203C88-7B0C-4AF8-BD3C-04EA0F6AB6FA}.Debug|iPhone.ActiveCfg = Debug|iPhone
		{8C203C88-7B0C-4AF8-BD3C-04EA0F6AB6FA}.Debug|iPhone.Build.0 = Debug|iPhone
		{8C203C88-7B0C-4AF8-BD3C-04EA0F6AB6FA}.Debug|iPhoneSimulator.ActiveCfg = Debug|iPhoneSimulator
		{8C203C88-7B0C-4AF8-BD3C-04EA0F6AB6FA}.Debug|iPhoneSimulator.Build.0 = Debug|iPhoneSimulator
		{8C203C88-7B0C-4AF8-BD3C-04EA0F6AB6FA}.Debug|x64.ActiveCfg = Debug|iPhone
		{8C203C88-7B0C-4AF8-BD3C-04EA0F6AB6FA}.Debug|x86.ActiveCfg = Debug|iPhone
		{8C203C88-7B0C-4AF8-BD3C-04EA0F6AB6FA}.Release|Any CPU.ActiveCfg = Release|iPhone
		{8C203C88-7B0C-4AF8-BD3C-04EA0F6AB6FA}.Release|ARM.ActiveCfg = Release|iPhone
		{8C203C88-7B0C-4AF8-BD3C-04EA0F6AB6FA}.Release|iPhone.ActiveCfg = Release|iPhone
		{8C203C88-7B0C-4AF8-BD3C-04EA0F6AB6FA}.Release|iPhone.Build.0 = Release|iPhone
		{8C203C88-7B0C-4AF8-BD3C-04EA0F6AB6FA}.Release|iPhoneSimulator.ActiveCfg = Release|iPhoneSimulator
		{8C203C88-7B0C-4AF8-BD3C-04EA0F6AB6FA}.Release|iPhoneSimulator.Build.0 = Release|iPhoneSimulator
		{8C203C88-7B0C-4AF8-BD3C-04EA0F6AB6FA}.Release|x64.ActiveCfg = Release|iPhone
		{8C203C88-7B0C-4AF8-BD3C-04EA0F6AB6FA}.Release|x86.ActiveCfg = Release|iPhone
		{2BCE3EED-5949-4F0D-A1BD-0F527FFCE789}.Ad-Hoc|Any CPU.ActiveCfg = Release|x86
		{2BCE3EED-5949-4F0D-A1BD-0F527FFCE789}.Ad-Hoc|Any CPU.Build.0 = Release|x86
		{2BCE3EED-5949-4F0D-A1BD-0F527FFCE789}.Ad-Hoc|Any CPU.Deploy.0 = Release|x86
		{2BCE3EED-5949-4F0D-A1BD-0F527FFCE789}.Ad-Hoc|ARM.ActiveCfg = Release|ARM
		{2BCE3EED-5949-4F0D-A1BD-0F527FFCE789}.Ad-Hoc|ARM.Build.0 = Release|ARM
		{2BCE3EED-5949-4F0D-A1BD-0F527FFCE789}.Ad-Hoc|ARM.Deploy.0 = Release|ARM
		{2BCE3EED-5949-4F0D-A1BD-0F527FFCE789}.Ad-Hoc|iPhone.ActiveCfg = Release|x86
		{2BCE3EED-5949-4F0D-A1BD-0F527FFCE789}.Ad-Hoc|iPhone.Build.0 = Release|x86
		{2BCE3EED-5949-4F0D-A1BD-0F527FFCE789}.Ad-Hoc|iPhone.Deploy.0 = Release|x86
		{2BCE3EED-5949-4F0D-A1BD-0F527FFCE789}.Ad-Hoc|iPhoneSimulator.ActiveCfg = Release|x86
		{2BCE3EED-5949-4F0D-A1BD-0F527FFCE789}.Ad-Hoc|iPhoneSimulator.Build.0 = Release|x86
		{2BCE3EED-5949-4F0D-A1BD-0F527FFCE789}.Ad-Hoc|iPhoneSimulator.Deploy.0 = Release|x86
		{2BCE3EED-5949-4F0D-A1BD-0F527FFCE789}.Ad-Hoc|x64.ActiveCfg = Release|x64
		{2BCE3EED-5949-4F0D-A1BD-0F527FFCE789}.Ad-Hoc|x64.Build.0 = Release|x64
		{2BCE3EED-5949-4F0D-A1BD-0F527FFCE789}.Ad-Hoc|x64.Deploy.0 = Release|x64
		{2BCE3EED-5949-4F0D-A1BD-0F527FFCE789}.Ad-Hoc|x86.ActiveCfg = Release|x86
		{2BCE3EED-5949-4F0D-A1BD-0F527FFCE789}.Ad-Hoc|x86.Build.0 = Release|x86
		{2BCE3EED-5949-4F0D-A1BD-0F527FFCE789}.Ad-Hoc|x86.Deploy.0 = Release|x86
		{2BCE3EED-5949-4F0D-A1BD-0F527FFCE789}.AppStore|Any CPU.ActiveCfg = Release|x86
		{2BCE3EED-5949-4F0D-A1BD-0F527FFCE789}.AppStore|Any CPU.Build.0 = Release|x86
		{2BCE3EED-5949-4F0D-A1BD-0F527FFCE789}.AppStore|Any CPU.Deploy.0 = Release|x86
		{2BCE3EED-5949-4F0D-A1BD-0F527FFCE789}.AppStore|ARM.ActiveCfg = Release|ARM
		{2BCE3EED-5949-4F0D-A1BD-0F527FFCE789}.AppStore|ARM.Build.0 = Release|ARM
		{2BCE3EED-5949-4F0D-A1BD-0F527FFCE789}.AppStore|ARM.Deploy.0 = Release|ARM
		{2BCE3EED-5949-4F0D-A1BD-0F527FFCE789}.AppStore|iPhone.ActiveCfg = Release|x86
		{2BCE3EED-5949-4F0D-A1BD-0F527FFCE789}.AppStore|iPhone.Build.0 = Release|x86
		{2BCE3EED-5949-4F0D-A1BD-0F527FFCE789}.AppStore|iPhone.Deploy.0 = Release|x86
		{2BCE3EED-5949-4F0D-A1BD-0F527FFCE789}.AppStore|iPhoneSimulator.ActiveCfg = Release|x86
		{2BCE3EED-5949-4F0D-A1BD-0F527FFCE789}.AppStore|iPhoneSimulator.Build.0 = Release|x86
		{2BCE3EED-5949-4F0D-A1BD-0F527FFCE789}.AppStore|iPhoneSimulator.Deploy.0 = Release|x86
		{2BCE3EED-5949-4F0D-A1BD-0F527FFCE789}.AppStore|x64.ActiveCfg = Release|x64
		{2BCE3EED-5949-4F0D-A1BD-0F527FFCE789}.AppStore|x64.Build.0 = Release|x64
		{2BCE3EED-5949-4F0D-A1BD-0F527FFCE789}.AppStore|x64.Deploy.0 = Release|x64
		{2BCE3EED-5949-4F0D-A1BD-0F527FFCE789}.AppStore|x86.ActiveCfg = Release|x86
		{2BCE3EED-5949-4F0D-A1BD-0F527FFCE789}.AppStore|x86.Build.0 = Release|x86
		{2BCE3EED-5949-4F0D-A1BD-0F527FFCE789}.AppStore|x86.Deploy.0 = Release|x86
		{2BCE3EED-5949-4F0D-A1BD-0F527FFCE789}.Debug|Any CPU.ActiveCfg = Debug|x86
		{2BCE3EED-5949-4F0D-A1BD-0F527FFCE789}.Debug|ARM.ActiveCfg = Debug|ARM
		{2BCE3EED-5949-4F0D-A1BD-0F527FFCE789}.Debug|ARM.Build.0 = Debug|ARM
		{2BCE3EED-5949-4F0D-A1BD-0F527FFCE789}.Debug|ARM.Deploy.0 = Debug|ARM
		{2BCE3EED-5949-4F0D-A1BD-0F527FFCE789}.Debug|iPhone.ActiveCfg = Debug|x86
		{2BCE3EED-5949-4F0D-A1BD-0F527FFCE789}.Debug|iPhoneSimulator.ActiveCfg = Debug|x86
		{2BCE3EED-5949-4F0D-A1BD-0F527FFCE789}.Debug|x64.ActiveCfg = Debug|x64
		{2BCE3EED-5949-4F0D-A1BD-0F527FFCE789}.Debug|x64.Build.0 = Debug|x64
		{2BCE3EED-5949-4F0D-A1BD-0F527FFCE789}.Debug|x64.Deploy.0 = Debug|x64
		{2BCE3EED-5949-4F0D-A1BD-0F527FFCE789}.Debug|x86.ActiveCfg = Debug|x86
		{2BCE3EED-5949-4F0D-A1BD-0F527FFCE789}.Debug|x86.Build.0 = Debug|x86
		{2BCE3EED-5949-4F0D-A1BD-0F527FFCE789}.Debug|x86.Deploy.0 = Debug|x86
		{2BCE3EED-5949-4F0D-A1BD-0F527FFCE789}.Release|Any CPU.ActiveCfg = Release|x86
		{2BCE3EED-5949-4F0D-A1BD-0F527FFCE789}.Release|ARM.ActiveCfg = Release|ARM
		{2BCE3EED-5949-4F0D-A1BD-0F527FFCE789}.Release|ARM.Build.0 = Release|ARM
		{2BCE3EED-5949-4F0D-A1BD-0F527FFCE789}.Release|ARM.Deploy.0 = Release|ARM
		{2BCE3EED-5949-4F0D-A1BD-0F527FFCE789}.Release|iPhone.ActiveCfg = Release|x86
		{2BCE3EED-5949-4F0D-A1BD-0F527FFCE789}.Release|iPhoneSimulator.ActiveCfg = Release|x86
		{2BCE3EED-5949-4F0D-A1BD-0F527FFCE789}.Release|x64.ActiveCfg = Release|x64
		{2BCE3EED-5949-4F0D-A1BD-0F527FFCE789}.Release|x64.Build.0 = Release|x64
		{2BCE3EED-5949-4F0D-A1BD-0F527FFCE789}.Release|x64.Deploy.0 = Release|x64
		{2BCE3EED-5949-4F0D-A1BD-0F527FFCE789}.Release|x86.ActiveCfg = Release|x86
		{2BCE3EED-5949-4F0D-A1BD-0F527FFCE789}.Release|x86.Build.0 = Release|x86
		{2BCE3EED-5949-4F0D-A1BD-0F527FFCE789}.Release|x86.Deploy.0 = Release|x86
		{7FA674B7-6ED0-4A3C-8A4C-40951E54C639}.Ad-Hoc|Any CPU.ActiveCfg = Release|Any CPU
		{7FA674B7-6ED0-4A3C-8A4C-40951E54C639}.Ad-Hoc|Any CPU.Build.0 = Release|Any CPU
		{7FA674B7-6ED0-4A3C-8A4C-40951E54C639}.Ad-Hoc|ARM.ActiveCfg = Release|Any CPU
		{7FA674B7-6ED0-4A3C-8A4C-40951E54C639}.Ad-Hoc|ARM.Build.0 = Release|Any CPU
		{7FA674B7-6ED0-4A3C-8A4C-40951E54C639}.Ad-Hoc|iPhone.ActiveCfg = Release|Any CPU
		{7FA674B7-6ED0-4A3C-8A4C-40951E54C639}.Ad-Hoc|iPhone.Build.0 = Release|Any CPU
		{7FA674B7-6ED0-4A3C-8A4C-40951E54C639}.Ad-Hoc|iPhoneSimulator.ActiveCfg = Release|Any CPU
		{7FA674B7-6ED0-4A3C-8A4C-40951E54C639}.Ad-Hoc|iPhoneSimulator.Build.0 = Release|Any CPU
		{7FA674B7-6ED0-4A3C-8A4C-40951E54C639}.Ad-Hoc|x64.ActiveCfg = Release|Any CPU
		{7FA674B7-6ED0-4A3C-8A4C-40951E54C639}.Ad-Hoc|x64.Build.0 = Release|Any CPU
		{7FA674B7-6ED0-4A3C-8A4C-40951E54C639}.Ad-Hoc|x86.ActiveCfg = Release|Any CPU
		{7FA674B7-6ED0-4A3C-8A4C-40951E54C639}.Ad-Hoc|x86.Build.0 = Release|Any CPU
		{7FA674B7-6ED0-4A3C-8A4C-40951E54C639}.AppStore|Any CPU.ActiveCfg = Release|Any CPU
		{7FA674B7-6ED0-4A3C-8A4C-40951E54C639}.AppStore|Any CPU.Build.0 = Release|Any CPU
		{7FA674B7-6ED0-4A3C-8A4C-40951E54C639}.AppStore|ARM.ActiveCfg = Release|Any CPU
		{7FA674B7-6ED0-4A3C-8A4C-40951E54C639}.AppStore|ARM.Build.0 = Release|Any CPU
		{7FA674B7-6ED0-4A3C-8A4C-40951E54C639}.AppStore|iPhone.ActiveCfg = Release|Any CPU
		{7FA674B7-6ED0-4A3C-8A4C-40951E54C639}.AppStore|iPhone.Build.0 = Release|Any CPU
		{7FA674B7-6ED0-4A3C-8A4C-40951E54C639}.AppStore|iPhoneSimulator.ActiveCfg = Release|Any CPU
		{7FA674B7-6ED0-4A3C-8A4C-40951E54C639}.AppStore|iPhoneSimulator.Build.0 = Release|Any CPU
		{7FA674B7-6ED0-4A3C-8A4C-40951E54C639}.AppStore|x64.ActiveCfg = Release|Any CPU
		{7FA674B7-6ED0-4A3C-8A4C-40951E54C639}.AppStore|x64.Build.0 = Release|Any CPU
		{7FA674B7-6ED0-4A3C-8A4C-40951E54C639}.AppStore|x86.ActiveCfg = Release|Any CPU
		{7FA674B7-6ED0-4A3C-8A4C-40951E54C639}.AppStore|x86.Build.0 = Release|Any CPU
		{7FA674B7-6ED0-4A3C-8A4C-40951E54C639}.Debug|Any CPU.ActiveCfg = Debug|Any CPU
		{7FA674B7-6ED0-4A3C-8A4C-40951E54C639}.Debug|Any CPU.Build.0 = Debug|Any CPU
		{7FA674B7-6ED0-4A3C-8A4C-40951E54C639}.Debug|ARM.ActiveCfg = Debug|Any CPU
		{7FA674B7-6ED0-4A3C-8A4C-40951E54C639}.Debug|ARM.Build.0 = Debug|Any CPU
		{7FA674B7-6ED0-4A3C-8A4C-40951E54C639}.Debug|iPhone.ActiveCfg = Debug|Any CPU
		{7FA674B7-6ED0-4A3C-8A4C-40951E54C639}.Debug|iPhone.Build.0 = Debug|Any CPU
		{7FA674B7-6ED0-4A3C-8A4C-40951E54C639}.Debug|iPhoneSimulator.ActiveCfg = Debug|Any CPU
		{7FA674B7-6ED0-4A3C-8A4C-40951E54C639}.Debug|iPhoneSimulator.Build.0 = Debug|Any CPU
		{7FA674B7-6ED0-4A3C-8A4C-40951E54C639}.Debug|x64.ActiveCfg = Debug|Any CPU
		{7FA674B7-6ED0-4A3C-8A4C-40951E54C639}.Debug|x64.Build.0 = Debug|Any CPU
		{7FA674B7-6ED0-4A3C-8A4C-40951E54C639}.Debug|x86.ActiveCfg = Debug|Any CPU
		{7FA674B7-6ED0-4A3C-8A4C-40951E54C639}.Debug|x86.Build.0 = Debug|Any CPU
		{7FA674B7-6ED0-4A3C-8A4C-40951E54C639}.Release|Any CPU.ActiveCfg = Release|Any CPU
		{7FA674B7-6ED0-4A3C-8A4C-40951E54C639}.Release|Any CPU.Build.0 = Release|Any CPU
		{7FA674B7-6ED0-4A3C-8A4C-40951E54C639}.Release|ARM.ActiveCfg = Release|Any CPU
		{7FA674B7-6ED0-4A3C-8A4C-40951E54C639}.Release|ARM.Build.0 = Release|Any CPU
		{7FA674B7-6ED0-4A3C-8A4C-40951E54C639}.Release|iPhone.ActiveCfg = Release|Any CPU
		{7FA674B7-6ED0-4A3C-8A4C-40951E54C639}.Release|iPhone.Build.0 = Release|Any CPU
		{7FA674B7-6ED0-4A3C-8A4C-40951E54C639}.Release|iPhoneSimulator.ActiveCfg = Release|Any CPU
		{7FA674B7-6ED0-4A3C-8A4C-40951E54C639}.Release|iPhoneSimulator.Build.0 = Release|Any CPU
		{7FA674B7-6ED0-4A3C-8A4C-40951E54C639}.Release|x64.ActiveCfg = Release|Any CPU
		{7FA674B7-6ED0-4A3C-8A4C-40951E54C639}.Release|x64.Build.0 = Release|Any CPU
		{7FA674B7-6ED0-4A3C-8A4C-40951E54C639}.Release|x86.ActiveCfg = Release|Any CPU
		{7FA674B7-6ED0-4A3C-8A4C-40951E54C639}.Release|x86.Build.0 = Release|Any CPU
		{0D762263-F5C9-4331-BDF7-D64DC04E0520}.Ad-Hoc|Any CPU.ActiveCfg = Release|Any CPU
		{0D762263-F5C9-4331-BDF7-D64DC04E0520}.Ad-Hoc|Any CPU.Build.0 = Release|Any CPU
		{0D762263-F5C9-4331-BDF7-D64DC04E0520}.Ad-Hoc|ARM.ActiveCfg = Release|Any CPU
		{0D762263-F5C9-4331-BDF7-D64DC04E0520}.Ad-Hoc|ARM.Build.0 = Release|Any CPU
		{0D762263-F5C9-4331-BDF7-D64DC04E0520}.Ad-Hoc|iPhone.ActiveCfg = Release|Any CPU
		{0D762263-F5C9-4331-BDF7-D64DC04E0520}.Ad-Hoc|iPhone.Build.0 = Release|Any CPU
		{0D762263-F5C9-4331-BDF7-D64DC04E0520}.Ad-Hoc|iPhoneSimulator.ActiveCfg = Release|Any CPU
		{0D762263-F5C9-4331-BDF7-D64DC04E0520}.Ad-Hoc|iPhoneSimulator.Build.0 = Release|Any CPU
		{0D762263-F5C9-4331-BDF7-D64DC04E0520}.Ad-Hoc|x64.ActiveCfg = Release|Any CPU
		{0D762263-F5C9-4331-BDF7-D64DC04E0520}.Ad-Hoc|x64.Build.0 = Release|Any CPU
		{0D762263-F5C9-4331-BDF7-D64DC04E0520}.Ad-Hoc|x86.ActiveCfg = Release|Any CPU
		{0D762263-F5C9-4331-BDF7-D64DC04E0520}.Ad-Hoc|x86.Build.0 = Release|Any CPU
		{0D762263-F5C9-4331-BDF7-D64DC04E0520}.AppStore|Any CPU.ActiveCfg = Release|Any CPU
		{0D762263-F5C9-4331-BDF7-D64DC04E0520}.AppStore|Any CPU.Build.0 = Release|Any CPU
		{0D762263-F5C9-4331-BDF7-D64DC04E0520}.AppStore|ARM.ActiveCfg = Release|Any CPU
		{0D762263-F5C9-4331-BDF7-D64DC04E0520}.AppStore|ARM.Build.0 = Release|Any CPU
		{0D762263-F5C9-4331-BDF7-D64DC04E0520}.AppStore|iPhone.ActiveCfg = Release|Any CPU
		{0D762263-F5C9-4331-BDF7-D64DC04E0520}.AppStore|iPhone.Build.0 = Release|Any CPU
		{0D762263-F5C9-4331-BDF7-D64DC04E0520}.AppStore|iPhoneSimulator.ActiveCfg = Release|Any CPU
		{0D762263-F5C9-4331-BDF7-D64DC04E0520}.AppStore|iPhoneSimulator.Build.0 = Release|Any CPU
		{0D762263-F5C9-4331-BDF7-D64DC04E0520}.AppStore|x64.ActiveCfg = Release|Any CPU
		{0D762263-F5C9-4331-BDF7-D64DC04E0520}.AppStore|x64.Build.0 = Release|Any CPU
		{0D762263-F5C9-4331-BDF7-D64DC04E0520}.AppStore|x86.ActiveCfg = Release|Any CPU
		{0D762263-F5C9-4331-BDF7-D64DC04E0520}.AppStore|x86.Build.0 = Release|Any CPU
		{0D762263-F5C9-4331-BDF7-D64DC04E0520}.Debug|Any CPU.ActiveCfg = Debug|Any CPU
		{0D762263-F5C9-4331-BDF7-D64DC04E0520}.Debug|Any CPU.Build.0 = Debug|Any CPU
		{0D762263-F5C9-4331-BDF7-D64DC04E0520}.Debug|ARM.ActiveCfg = Debug|Any CPU
		{0D762263-F5C9-4331-BDF7-D64DC04E0520}.Debug|ARM.Build.0 = Debug|Any CPU
		{0D762263-F5C9-4331-BDF7-D64DC04E0520}.Debug|iPhone.ActiveCfg = Debug|Any CPU
		{0D762263-F5C9-4331-BDF7-D64DC04E0520}.Debug|iPhone.Build.0 = Debug|Any CPU
		{0D762263-F5C9-4331-BDF7-D64DC04E0520}.Debug|iPhoneSimulator.ActiveCfg = Debug|Any CPU
		{0D762263-F5C9-4331-BDF7-D64DC04E0520}.Debug|iPhoneSimulator.Build.0 = Debug|Any CPU
		{0D762263-F5C9-4331-BDF7-D64DC04E0520}.Debug|x64.ActiveCfg = Debug|Any CPU
		{0D762263-F5C9-4331-BDF7-D64DC04E0520}.Debug|x64.Build.0 = Debug|Any CPU
		{0D762263-F5C9-4331-BDF7-D64DC04E0520}.Debug|x86.ActiveCfg = Debug|Any CPU
		{0D762263-F5C9-4331-BDF7-D64DC04E0520}.Debug|x86.Build.0 = Debug|Any CPU
		{0D762263-F5C9-4331-BDF7-D64DC04E0520}.Release|Any CPU.ActiveCfg = Release|Any CPU
		{0D762263-F5C9-4331-BDF7-D64DC04E0520}.Release|Any CPU.Build.0 = Release|Any CPU
		{0D762263-F5C9-4331-BDF7-D64DC04E0520}.Release|ARM.ActiveCfg = Release|Any CPU
		{0D762263-F5C9-4331-BDF7-D64DC04E0520}.Release|ARM.Build.0 = Release|Any CPU
		{0D762263-F5C9-4331-BDF7-D64DC04E0520}.Release|iPhone.ActiveCfg = Release|Any CPU
		{0D762263-F5C9-4331-BDF7-D64DC04E0520}.Release|iPhone.Build.0 = Release|Any CPU
		{0D762263-F5C9-4331-BDF7-D64DC04E0520}.Release|iPhoneSimulator.ActiveCfg = Release|Any CPU
		{0D762263-F5C9-4331-BDF7-D64DC04E0520}.Release|iPhoneSimulator.Build.0 = Release|Any CPU
		{0D762263-F5C9-4331-BDF7-D64DC04E0520}.Release|x64.ActiveCfg = Release|Any CPU
		{0D762263-F5C9-4331-BDF7-D64DC04E0520}.Release|x64.Build.0 = Release|Any CPU
		{0D762263-F5C9-4331-BDF7-D64DC04E0520}.Release|x86.ActiveCfg = Release|Any CPU
		{0D762263-F5C9-4331-BDF7-D64DC04E0520}.Release|x86.Build.0 = Release|Any CPU
		{F9A523E1-A5D6-4979-80C1-626131C7EDC6}.Ad-Hoc|Any CPU.ActiveCfg = Release|Any CPU
		{F9A523E1-A5D6-4979-80C1-626131C7EDC6}.Ad-Hoc|Any CPU.Build.0 = Release|Any CPU
		{F9A523E1-A5D6-4979-80C1-626131C7EDC6}.Ad-Hoc|ARM.ActiveCfg = Release|Any CPU
		{F9A523E1-A5D6-4979-80C1-626131C7EDC6}.Ad-Hoc|ARM.Build.0 = Release|Any CPU
		{F9A523E1-A5D6-4979-80C1-626131C7EDC6}.Ad-Hoc|iPhone.ActiveCfg = Release|Any CPU
		{F9A523E1-A5D6-4979-80C1-626131C7EDC6}.Ad-Hoc|iPhone.Build.0 = Release|Any CPU
		{F9A523E1-A5D6-4979-80C1-626131C7EDC6}.Ad-Hoc|iPhoneSimulator.ActiveCfg = Release|Any CPU
		{F9A523E1-A5D6-4979-80C1-626131C7EDC6}.Ad-Hoc|iPhoneSimulator.Build.0 = Release|Any CPU
		{F9A523E1-A5D6-4979-80C1-626131C7EDC6}.Ad-Hoc|x64.ActiveCfg = Release|Any CPU
		{F9A523E1-A5D6-4979-80C1-626131C7EDC6}.Ad-Hoc|x64.Build.0 = Release|Any CPU
		{F9A523E1-A5D6-4979-80C1-626131C7EDC6}.Ad-Hoc|x86.ActiveCfg = Release|Any CPU
		{F9A523E1-A5D6-4979-80C1-626131C7EDC6}.Ad-Hoc|x86.Build.0 = Release|Any CPU
		{F9A523E1-A5D6-4979-80C1-626131C7EDC6}.AppStore|Any CPU.ActiveCfg = Release|Any CPU
		{F9A523E1-A5D6-4979-80C1-626131C7EDC6}.AppStore|Any CPU.Build.0 = Release|Any CPU
		{F9A523E1-A5D6-4979-80C1-626131C7EDC6}.AppStore|ARM.ActiveCfg = Release|Any CPU
		{F9A523E1-A5D6-4979-80C1-626131C7EDC6}.AppStore|ARM.Build.0 = Release|Any CPU
		{F9A523E1-A5D6-4979-80C1-626131C7EDC6}.AppStore|iPhone.ActiveCfg = Release|Any CPU
		{F9A523E1-A5D6-4979-80C1-626131C7EDC6}.AppStore|iPhone.Build.0 = Release|Any CPU
		{F9A523E1-A5D6-4979-80C1-626131C7EDC6}.AppStore|iPhoneSimulator.ActiveCfg = Release|Any CPU
		{F9A523E1-A5D6-4979-80C1-626131C7EDC6}.AppStore|iPhoneSimulator.Build.0 = Release|Any CPU
		{F9A523E1-A5D6-4979-80C1-626131C7EDC6}.AppStore|x64.ActiveCfg = Release|Any CPU
		{F9A523E1-A5D6-4979-80C1-626131C7EDC6}.AppStore|x64.Build.0 = Release|Any CPU
		{F9A523E1-A5D6-4979-80C1-626131C7EDC6}.AppStore|x86.ActiveCfg = Release|Any CPU
		{F9A523E1-A5D6-4979-80C1-626131C7EDC6}.AppStore|x86.Build.0 = Release|Any CPU
		{F9A523E1-A5D6-4979-80C1-626131C7EDC6}.Debug|Any CPU.ActiveCfg = Debug|Any CPU
		{F9A523E1-A5D6-4979-80C1-626131C7EDC6}.Debug|Any CPU.Build.0 = Debug|Any CPU
		{F9A523E1-A5D6-4979-80C1-626131C7EDC6}.Debug|Any CPU.Deploy.0 = Debug|Any CPU
		{F9A523E1-A5D6-4979-80C1-626131C7EDC6}.Debug|ARM.ActiveCfg = Debug|Any CPU
		{F9A523E1-A5D6-4979-80C1-626131C7EDC6}.Debug|ARM.Build.0 = Debug|Any CPU
		{F9A523E1-A5D6-4979-80C1-626131C7EDC6}.Debug|iPhone.ActiveCfg = Debug|Any CPU
		{F9A523E1-A5D6-4979-80C1-626131C7EDC6}.Debug|iPhone.Build.0 = Debug|Any CPU
		{F9A523E1-A5D6-4979-80C1-626131C7EDC6}.Debug|iPhoneSimulator.ActiveCfg = Debug|Any CPU
		{F9A523E1-A5D6-4979-80C1-626131C7EDC6}.Debug|iPhoneSimulator.Build.0 = Debug|Any CPU
		{F9A523E1-A5D6-4979-80C1-626131C7EDC6}.Debug|x64.ActiveCfg = Debug|Any CPU
		{F9A523E1-A5D6-4979-80C1-626131C7EDC6}.Debug|x64.Build.0 = Debug|Any CPU
		{F9A523E1-A5D6-4979-80C1-626131C7EDC6}.Debug|x86.ActiveCfg = Debug|Any CPU
		{F9A523E1-A5D6-4979-80C1-626131C7EDC6}.Debug|x86.Build.0 = Debug|Any CPU
		{F9A523E1-A5D6-4979-80C1-626131C7EDC6}.Release|Any CPU.ActiveCfg = Release|Any CPU
		{F9A523E1-A5D6-4979-80C1-626131C7EDC6}.Release|Any CPU.Build.0 = Release|Any CPU
		{F9A523E1-A5D6-4979-80C1-626131C7EDC6}.Release|Any CPU.Deploy.0 = Release|Any CPU
		{F9A523E1-A5D6-4979-80C1-626131C7EDC6}.Release|ARM.ActiveCfg = Release|Any CPU
		{F9A523E1-A5D6-4979-80C1-626131C7EDC6}.Release|ARM.Build.0 = Release|Any CPU
		{F9A523E1-A5D6-4979-80C1-626131C7EDC6}.Release|iPhone.ActiveCfg = Release|Any CPU
		{F9A523E1-A5D6-4979-80C1-626131C7EDC6}.Release|iPhone.Build.0 = Release|Any CPU
		{F9A523E1-A5D6-4979-80C1-626131C7EDC6}.Release|iPhoneSimulator.ActiveCfg = Release|Any CPU
		{F9A523E1-A5D6-4979-80C1-626131C7EDC6}.Release|iPhoneSimulator.Build.0 = Release|Any CPU
		{F9A523E1-A5D6-4979-80C1-626131C7EDC6}.Release|x64.ActiveCfg = Release|Any CPU
		{F9A523E1-A5D6-4979-80C1-626131C7EDC6}.Release|x64.Build.0 = Release|Any CPU
		{F9A523E1-A5D6-4979-80C1-626131C7EDC6}.Release|x86.ActiveCfg = Release|Any CPU
		{F9A523E1-A5D6-4979-80C1-626131C7EDC6}.Release|x86.Build.0 = Release|Any CPU
		{C4D0172F-9A6B-43C6-A128-A42AF0DEDAB1}.Ad-Hoc|Any CPU.ActiveCfg = Release|Any CPU
		{C4D0172F-9A6B-43C6-A128-A42AF0DEDAB1}.Ad-Hoc|Any CPU.Build.0 = Release|Any CPU
		{C4D0172F-9A6B-43C6-A128-A42AF0DEDAB1}.Ad-Hoc|ARM.ActiveCfg = Release|Any CPU
		{C4D0172F-9A6B-43C6-A128-A42AF0DEDAB1}.Ad-Hoc|ARM.Build.0 = Release|Any CPU
		{C4D0172F-9A6B-43C6-A128-A42AF0DEDAB1}.Ad-Hoc|iPhone.ActiveCfg = Release|Any CPU
		{C4D0172F-9A6B-43C6-A128-A42AF0DEDAB1}.Ad-Hoc|iPhone.Build.0 = Release|Any CPU
		{C4D0172F-9A6B-43C6-A128-A42AF0DEDAB1}.Ad-Hoc|iPhoneSimulator.ActiveCfg = Release|Any CPU
		{C4D0172F-9A6B-43C6-A128-A42AF0DEDAB1}.Ad-Hoc|iPhoneSimulator.Build.0 = Release|Any CPU
		{C4D0172F-9A6B-43C6-A128-A42AF0DEDAB1}.Ad-Hoc|x64.ActiveCfg = Release|Any CPU
		{C4D0172F-9A6B-43C6-A128-A42AF0DEDAB1}.Ad-Hoc|x64.Build.0 = Release|Any CPU
		{C4D0172F-9A6B-43C6-A128-A42AF0DEDAB1}.Ad-Hoc|x86.ActiveCfg = Release|Any CPU
		{C4D0172F-9A6B-43C6-A128-A42AF0DEDAB1}.Ad-Hoc|x86.Build.0 = Release|Any CPU
		{C4D0172F-9A6B-43C6-A128-A42AF0DEDAB1}.AppStore|Any CPU.ActiveCfg = Release|Any CPU
		{C4D0172F-9A6B-43C6-A128-A42AF0DEDAB1}.AppStore|Any CPU.Build.0 = Release|Any CPU
		{C4D0172F-9A6B-43C6-A128-A42AF0DEDAB1}.AppStore|ARM.ActiveCfg = Release|Any CPU
		{C4D0172F-9A6B-43C6-A128-A42AF0DEDAB1}.AppStore|ARM.Build.0 = Release|Any CPU
		{C4D0172F-9A6B-43C6-A128-A42AF0DEDAB1}.AppStore|iPhone.ActiveCfg = Release|Any CPU
		{C4D0172F-9A6B-43C6-A128-A42AF0DEDAB1}.AppStore|iPhone.Build.0 = Release|Any CPU
		{C4D0172F-9A6B-43C6-A128-A42AF0DEDAB1}.AppStore|iPhoneSimulator.ActiveCfg = Release|Any CPU
		{C4D0172F-9A6B-43C6-A128-A42AF0DEDAB1}.AppStore|iPhoneSimulator.Build.0 = Release|Any CPU
		{C4D0172F-9A6B-43C6-A128-A42AF0DEDAB1}.AppStore|x64.ActiveCfg = Release|Any CPU
		{C4D0172F-9A6B-43C6-A128-A42AF0DEDAB1}.AppStore|x64.Build.0 = Release|Any CPU
		{C4D0172F-9A6B-43C6-A128-A42AF0DEDAB1}.AppStore|x86.ActiveCfg = Release|Any CPU
		{C4D0172F-9A6B-43C6-A128-A42AF0DEDAB1}.AppStore|x86.Build.0 = Release|Any CPU
		{C4D0172F-9A6B-43C6-A128-A42AF0DEDAB1}.Debug|Any CPU.ActiveCfg = Debug|Any CPU
		{C4D0172F-9A6B-43C6-A128-A42AF0DEDAB1}.Debug|Any CPU.Build.0 = Debug|Any CPU
		{C4D0172F-9A6B-43C6-A128-A42AF0DEDAB1}.Debug|ARM.ActiveCfg = Debug|Any CPU
		{C4D0172F-9A6B-43C6-A128-A42AF0DEDAB1}.Debug|ARM.Build.0 = Debug|Any CPU
		{C4D0172F-9A6B-43C6-A128-A42AF0DEDAB1}.Debug|iPhone.ActiveCfg = Debug|Any CPU
		{C4D0172F-9A6B-43C6-A128-A42AF0DEDAB1}.Debug|iPhone.Build.0 = Debug|Any CPU
		{C4D0172F-9A6B-43C6-A128-A42AF0DEDAB1}.Debug|iPhoneSimulator.ActiveCfg = Debug|Any CPU
		{C4D0172F-9A6B-43C6-A128-A42AF0DEDAB1}.Debug|iPhoneSimulator.Build.0 = Debug|Any CPU
		{C4D0172F-9A6B-43C6-A128-A42AF0DEDAB1}.Debug|x64.ActiveCfg = Debug|Any CPU
		{C4D0172F-9A6B-43C6-A128-A42AF0DEDAB1}.Debug|x64.Build.0 = Debug|Any CPU
		{C4D0172F-9A6B-43C6-A128-A42AF0DEDAB1}.Debug|x86.ActiveCfg = Debug|Any CPU
		{C4D0172F-9A6B-43C6-A128-A42AF0DEDAB1}.Debug|x86.Build.0 = Debug|Any CPU
		{C4D0172F-9A6B-43C6-A128-A42AF0DEDAB1}.Release|Any CPU.ActiveCfg = Release|Any CPU
		{C4D0172F-9A6B-43C6-A128-A42AF0DEDAB1}.Release|Any CPU.Build.0 = Release|Any CPU
		{C4D0172F-9A6B-43C6-A128-A42AF0DEDAB1}.Release|ARM.ActiveCfg = Release|Any CPU
		{C4D0172F-9A6B-43C6-A128-A42AF0DEDAB1}.Release|ARM.Build.0 = Release|Any CPU
		{C4D0172F-9A6B-43C6-A128-A42AF0DEDAB1}.Release|iPhone.ActiveCfg = Release|Any CPU
		{C4D0172F-9A6B-43C6-A128-A42AF0DEDAB1}.Release|iPhone.Build.0 = Release|Any CPU
		{C4D0172F-9A6B-43C6-A128-A42AF0DEDAB1}.Release|iPhoneSimulator.ActiveCfg = Release|Any CPU
		{C4D0172F-9A6B-43C6-A128-A42AF0DEDAB1}.Release|iPhoneSimulator.Build.0 = Release|Any CPU
		{C4D0172F-9A6B-43C6-A128-A42AF0DEDAB1}.Release|x64.ActiveCfg = Release|Any CPU
		{C4D0172F-9A6B-43C6-A128-A42AF0DEDAB1}.Release|x64.Build.0 = Release|Any CPU
		{C4D0172F-9A6B-43C6-A128-A42AF0DEDAB1}.Release|x86.ActiveCfg = Release|Any CPU
		{C4D0172F-9A6B-43C6-A128-A42AF0DEDAB1}.Release|x86.Build.0 = Release|Any CPU
		{62C0AF8A-CD3D-4197-AEF2-0B02AC4C8BCF}.Ad-Hoc|Any CPU.ActiveCfg = Release|x64
		{62C0AF8A-CD3D-4197-AEF2-0B02AC4C8BCF}.Ad-Hoc|Any CPU.Build.0 = Release|x64
		{62C0AF8A-CD3D-4197-AEF2-0B02AC4C8BCF}.Ad-Hoc|Any CPU.Deploy.0 = Release|x64
		{62C0AF8A-CD3D-4197-AEF2-0B02AC4C8BCF}.Ad-Hoc|ARM.ActiveCfg = Release|ARM
		{62C0AF8A-CD3D-4197-AEF2-0B02AC4C8BCF}.Ad-Hoc|ARM.Build.0 = Release|ARM
		{62C0AF8A-CD3D-4197-AEF2-0B02AC4C8BCF}.Ad-Hoc|ARM.Deploy.0 = Release|ARM
		{62C0AF8A-CD3D-4197-AEF2-0B02AC4C8BCF}.Ad-Hoc|ARM64.ActiveCfg = Release|ARM64
		{62C0AF8A-CD3D-4197-AEF2-0B02AC4C8BCF}.Ad-Hoc|ARM64.Build.0 = Release|ARM64
		{62C0AF8A-CD3D-4197-AEF2-0B02AC4C8BCF}.Ad-Hoc|ARM64.Deploy.0 = Release|ARM64
		{62C0AF8A-CD3D-4197-AEF2-0B02AC4C8BCF}.Ad-Hoc|iPhone.ActiveCfg = Release|x64
		{62C0AF8A-CD3D-4197-AEF2-0B02AC4C8BCF}.Ad-Hoc|iPhone.Build.0 = Release|x64
		{62C0AF8A-CD3D-4197-AEF2-0B02AC4C8BCF}.Ad-Hoc|iPhone.Deploy.0 = Release|x64
		{62C0AF8A-CD3D-4197-AEF2-0B02AC4C8BCF}.Ad-Hoc|iPhoneSimulator.ActiveCfg = Release|x64
		{62C0AF8A-CD3D-4197-AEF2-0B02AC4C8BCF}.Ad-Hoc|iPhoneSimulator.Build.0 = Release|x64
		{62C0AF8A-CD3D-4197-AEF2-0B02AC4C8BCF}.Ad-Hoc|iPhoneSimulator.Deploy.0 = Release|x64
		{62C0AF8A-CD3D-4197-AEF2-0B02AC4C8BCF}.Ad-Hoc|x64.ActiveCfg = Release|x64
		{62C0AF8A-CD3D-4197-AEF2-0B02AC4C8BCF}.Ad-Hoc|x64.Build.0 = Release|x64
		{62C0AF8A-CD3D-4197-AEF2-0B02AC4C8BCF}.Ad-Hoc|x64.Deploy.0 = Release|x64
		{62C0AF8A-CD3D-4197-AEF2-0B02AC4C8BCF}.Ad-Hoc|x86.ActiveCfg = Release|x86
		{62C0AF8A-CD3D-4197-AEF2-0B02AC4C8BCF}.Ad-Hoc|x86.Build.0 = Release|x86
		{62C0AF8A-CD3D-4197-AEF2-0B02AC4C8BCF}.Ad-Hoc|x86.Deploy.0 = Release|x86
		{62C0AF8A-CD3D-4197-AEF2-0B02AC4C8BCF}.AppStore|Any CPU.ActiveCfg = Release|x64
		{62C0AF8A-CD3D-4197-AEF2-0B02AC4C8BCF}.AppStore|Any CPU.Build.0 = Release|x64
		{62C0AF8A-CD3D-4197-AEF2-0B02AC4C8BCF}.AppStore|Any CPU.Deploy.0 = Release|x64
		{62C0AF8A-CD3D-4197-AEF2-0B02AC4C8BCF}.AppStore|ARM.ActiveCfg = Release|ARM
		{62C0AF8A-CD3D-4197-AEF2-0B02AC4C8BCF}.AppStore|ARM.Build.0 = Release|ARM
		{62C0AF8A-CD3D-4197-AEF2-0B02AC4C8BCF}.AppStore|ARM.Deploy.0 = Release|ARM
		{62C0AF8A-CD3D-4197-AEF2-0B02AC4C8BCF}.AppStore|ARM64.ActiveCfg = Release|ARM64
		{62C0AF8A-CD3D-4197-AEF2-0B02AC4C8BCF}.AppStore|ARM64.Build.0 = Release|ARM64
		{62C0AF8A-CD3D-4197-AEF2-0B02AC4C8BCF}.AppStore|ARM64.Deploy.0 = Release|ARM64
		{62C0AF8A-CD3D-4197-AEF2-0B02AC4C8BCF}.AppStore|iPhone.ActiveCfg = Release|x64
		{62C0AF8A-CD3D-4197-AEF2-0B02AC4C8BCF}.AppStore|iPhone.Build.0 = Release|x64
		{62C0AF8A-CD3D-4197-AEF2-0B02AC4C8BCF}.AppStore|iPhone.Deploy.0 = Release|x64
		{62C0AF8A-CD3D-4197-AEF2-0B02AC4C8BCF}.AppStore|iPhoneSimulator.ActiveCfg = Release|x64
		{62C0AF8A-CD3D-4197-AEF2-0B02AC4C8BCF}.AppStore|iPhoneSimulator.Build.0 = Release|x64
		{62C0AF8A-CD3D-4197-AEF2-0B02AC4C8BCF}.AppStore|iPhoneSimulator.Deploy.0 = Release|x64
		{62C0AF8A-CD3D-4197-AEF2-0B02AC4C8BCF}.AppStore|x64.ActiveCfg = Release|x64
		{62C0AF8A-CD3D-4197-AEF2-0B02AC4C8BCF}.AppStore|x64.Build.0 = Release|x64
		{62C0AF8A-CD3D-4197-AEF2-0B02AC4C8BCF}.AppStore|x64.Deploy.0 = Release|x64
		{62C0AF8A-CD3D-4197-AEF2-0B02AC4C8BCF}.AppStore|x86.ActiveCfg = Release|x86
		{62C0AF8A-CD3D-4197-AEF2-0B02AC4C8BCF}.AppStore|x86.Build.0 = Release|x86
		{62C0AF8A-CD3D-4197-AEF2-0B02AC4C8BCF}.AppStore|x86.Deploy.0 = Release|x86
		{62C0AF8A-CD3D-4197-AEF2-0B02AC4C8BCF}.Debug|Any CPU.ActiveCfg = Debug|x86
		{62C0AF8A-CD3D-4197-AEF2-0B02AC4C8BCF}.Debug|ARM.ActiveCfg = Debug|ARM
		{62C0AF8A-CD3D-4197-AEF2-0B02AC4C8BCF}.Debug|ARM.Build.0 = Debug|ARM
		{62C0AF8A-CD3D-4197-AEF2-0B02AC4C8BCF}.Debug|ARM.Deploy.0 = Debug|ARM
		{62C0AF8A-CD3D-4197-AEF2-0B02AC4C8BCF}.Debug|ARM64.ActiveCfg = Debug|ARM64
		{62C0AF8A-CD3D-4197-AEF2-0B02AC4C8BCF}.Debug|ARM64.Build.0 = Debug|ARM64
		{62C0AF8A-CD3D-4197-AEF2-0B02AC4C8BCF}.Debug|ARM64.Deploy.0 = Debug|ARM64
		{62C0AF8A-CD3D-4197-AEF2-0B02AC4C8BCF}.Debug|iPhone.ActiveCfg = Debug|x86
		{62C0AF8A-CD3D-4197-AEF2-0B02AC4C8BCF}.Debug|iPhoneSimulator.ActiveCfg = Debug|x86
		{62C0AF8A-CD3D-4197-AEF2-0B02AC4C8BCF}.Debug|x64.ActiveCfg = Debug|x64
		{62C0AF8A-CD3D-4197-AEF2-0B02AC4C8BCF}.Debug|x64.Build.0 = Debug|x64
		{62C0AF8A-CD3D-4197-AEF2-0B02AC4C8BCF}.Debug|x64.Deploy.0 = Debug|x64
		{62C0AF8A-CD3D-4197-AEF2-0B02AC4C8BCF}.Debug|x86.ActiveCfg = Debug|x86
		{62C0AF8A-CD3D-4197-AEF2-0B02AC4C8BCF}.Debug|x86.Build.0 = Debug|x86
		{62C0AF8A-CD3D-4197-AEF2-0B02AC4C8BCF}.Debug|x86.Deploy.0 = Debug|x86
		{62C0AF8A-CD3D-4197-AEF2-0B02AC4C8BCF}.Release|Any CPU.ActiveCfg = Release|x86
		{62C0AF8A-CD3D-4197-AEF2-0B02AC4C8BCF}.Release|ARM.ActiveCfg = Release|ARM
		{62C0AF8A-CD3D-4197-AEF2-0B02AC4C8BCF}.Release|ARM.Build.0 = Release|ARM
		{62C0AF8A-CD3D-4197-AEF2-0B02AC4C8BCF}.Release|ARM.Deploy.0 = Release|ARM
		{62C0AF8A-CD3D-4197-AEF2-0B02AC4C8BCF}.Release|ARM64.ActiveCfg = Release|ARM64
		{62C0AF8A-CD3D-4197-AEF2-0B02AC4C8BCF}.Release|ARM64.Build.0 = Release|ARM64
		{62C0AF8A-CD3D-4197-AEF2-0B02AC4C8BCF}.Release|ARM64.Deploy.0 = Release|ARM64
		{62C0AF8A-CD3D-4197-AEF2-0B02AC4C8BCF}.Release|iPhone.ActiveCfg = Release|x86
		{62C0AF8A-CD3D-4197-AEF2-0B02AC4C8BCF}.Release|iPhoneSimulator.ActiveCfg = Release|x86
		{62C0AF8A-CD3D-4197-AEF2-0B02AC4C8BCF}.Release|x64.ActiveCfg = Release|x64
		{62C0AF8A-CD3D-4197-AEF2-0B02AC4C8BCF}.Release|x64.Build.0 = Release|x64
		{62C0AF8A-CD3D-4197-AEF2-0B02AC4C8BCF}.Release|x64.Deploy.0 = Release|x64
		{62C0AF8A-CD3D-4197-AEF2-0B02AC4C8BCF}.Release|x86.ActiveCfg = Release|x86
		{62C0AF8A-CD3D-4197-AEF2-0B02AC4C8BCF}.Release|x86.Build.0 = Release|x86
		{62C0AF8A-CD3D-4197-AEF2-0B02AC4C8BCF}.Release|x86.Deploy.0 = Release|x86
	EndGlobalSection
	GlobalSection(SolutionProperties) = preSolution
		HideSolutionNode = FALSE
	EndGlobalSection
	GlobalSection(ExtensibilityGlobals) = postSolution
		SolutionGuid = {F6D05029-56B8-4E45-AF2D-0E76295DDBA2}
	EndGlobalSection
EndGlobal
